
Microsoft Visual Studio Solution File, Format Version 12.00
# Visual Studio 2012
Project("{FAE04EC0-301F-11D3-BF4B-00C04F79EFBC}") = "LizApp", "LizApp\LizApp.csproj", "{C36435F4-493F-45AE-A682-06DD4CC2E9C5}"
EndProject
Project("{FAE04EC0-301F-11D3-BF4B-00C04F79EFBC}") = "LizApp.Droid", "Droid\LizApp.Droid.csproj", "{463005DD-BBBD-4CD8-A721-D2FC0B850946}"
EndProject
Project("{FAE04EC0-301F-11D3-BF4B-00C04F79EFBC}") = "LizApp.iOS", "iOS\LizApp.iOS.csproj", "{AA24AEDB-DD52-404A-A16F-5043F9CD6CC2}"
EndProject
Global
	GlobalSection(SolutionConfigurationPlatforms) = preSolution
		Debug|Any CPU = Debug|Any CPU
		Release|Any CPU = Release|Any CPU
		Debug|iPhoneSimulator = Debug|iPhoneSimulator
		Release|iPhone = Release|iPhone
		Release|iPhoneSimulator = Release|iPhoneSimulator
		Debug|iPhone = Debug|iPhone
	EndGlobalSection
	GlobalSection(ProjectConfigurationPlatforms) = postSolution
		{C36435F4-493F-45AE-A682-06DD4CC2E9C5}.Debug|Any CPU.ActiveCfg = Debug|Any CPU
		{C36435F4-493F-45AE-A682-06DD4CC2E9C5}.Debug|Any CPU.Build.0 = Debug|Any CPU
		{C36435F4-493F-45AE-A682-06DD4CC2E9C5}.Release|Any CPU.ActiveCfg = Release|Any CPU
		{C36435F4-493F-45AE-A682-06DD4CC2E9C5}.Release|Any CPU.Build.0 = Release|Any CPU
		{C36435F4-493F-45AE-A682-06DD4CC2E9C5}.Debug|iPhoneSimulator.ActiveCfg = Debug|Any CPU
		{C36435F4-493F-45AE-A682-06DD4CC2E9C5}.Debug|iPhoneSimulator.Build.0 = Debug|Any CPU
		{C36435F4-493F-45AE-A682-06DD4CC2E9C5}.Release|iPhone.ActiveCfg = Release|Any CPU
		{C36435F4-493F-45AE-A682-06DD4CC2E9C5}.Release|iPhone.Build.0 = Release|Any CPU
		{C36435F4-493F-45AE-A682-06DD4CC2E9C5}.Release|iPhoneSimulator.ActiveCfg = Release|Any CPU
		{C36435F4-493F-45AE-A682-06DD4CC2E9C5}.Release|iPhoneSimulator.Build.0 = Release|Any CPU
		{C36435F4-493F-45AE-A682-06DD4CC2E9C5}.Debug|iPhone.ActiveCfg = Debug|Any CPU
		{C36435F4-493F-45AE-A682-06DD4CC2E9C5}.Debug|iPhone.Build.0 = Debug|Any CPU
		{463005DD-BBBD-4CD8-A721-D2FC0B850946}.Debug|Any CPU.ActiveCfg = Debug|Any CPU
		{463005DD-BBBD-4CD8-A721-D2FC0B850946}.Debug|Any CPU.Build.0 = Debug|Any CPU
		{463005DD-BBBD-4CD8-A721-D2FC0B850946}.Release|Any CPU.ActiveCfg = Release|Any CPU
		{463005DD-BBBD-4CD8-A721-D2FC0B850946}.Release|Any CPU.Build.0 = Release|Any CPU
		{463005DD-BBBD-4CD8-A721-D2FC0B850946}.Debug|iPhoneSimulator.ActiveCfg = Debug|Any CPU
		{463005DD-BBBD-4CD8-A721-D2FC0B850946}.Debug|iPhoneSimulator.Build.0 = Debug|Any CPU
		{463005DD-BBBD-4CD8-A721-D2FC0B850946}.Release|iPhone.ActiveCfg = Release|Any CPU
		{463005DD-BBBD-4CD8-A721-D2FC0B850946}.Release|iPhone.Build.0 = Release|Any CPU
		{463005DD-BBBD-4CD8-A721-D2FC0B850946}.Release|iPhoneSimulator.ActiveCfg = Release|Any CPU
		{463005DD-BBBD-4CD8-A721-D2FC0B850946}.Release|iPhoneSimulator.Build.0 = Release|Any CPU
		{463005DD-BBBD-4CD8-A721-D2FC0B850946}.Debug|iPhone.ActiveCfg = Debug|Any CPU
		{463005DD-BBBD-4CD8-A721-D2FC0B850946}.Debug|iPhone.Build.0 = Debug|Any CPU
		{AA24AEDB-DD52-404A-A16F-5043F9CD6CC2}.Debug|Any CPU.ActiveCfg = Debug|iPhoneSimulator
		{AA24AEDB-DD52-404A-A16F-5043F9CD6CC2}.Debug|Any CPU.Build.0 = Debug|iPhoneSimulator
		{AA24AEDB-DD52-404A-A16F-5043F9CD6CC2}.Release|Any CPU.ActiveCfg = Release|iPhone
		{AA24AEDB-DD52-404A-A16F-5043F9CD6CC2}.Release|Any CPU.Build.0 = Release|iPhone
		{AA24AEDB-DD52-404A-A16F-5043F9CD6CC2}.Debug|iPhoneSimulator.ActiveCfg = Debug|iPhoneSimulator
		{AA24AEDB-DD52-404A-A16F-5043F9CD6CC2}.Debug|iPhoneSimulator.Build.0 = Debug|iPhoneSimulator
		{AA24AEDB-DD52-404A-A16F-5043F9CD6CC2}.Release|iPhone.ActiveCfg = Release|iPhone
		{AA24AEDB-DD52-404A-A16F-5043F9CD6CC2}.Release|iPhone.Build.0 = Release|iPhone
		{AA24AEDB-DD52-404A-A16F-5043F9CD6CC2}.Release|iPhoneSimulator.ActiveCfg = Release|iPhoneSimulator
		{AA24AEDB-DD52-404A-A16F-5043F9CD6CC2}.Release|iPhoneSimulator.Build.0 = Release|iPhoneSimulator
		{AA24AEDB-DD52-404A-A16F-5043F9CD6CC2}.Debug|iPhone.ActiveCfg = Debug|iPhone
		{AA24AEDB-DD52-404A-A16F-5043F9CD6CC2}.Debug|iPhone.Build.0 = Debug|iPhone
	EndGlobalSection
EndGlobal
